
Microsoft Visual Studio Solution File, Format Version 12.00
# Visual Studio 15
VisualStudioVersion = 15.0.28010.2036
MinimumVisualStudioVersion = 10.0.40219.1
Project("{FAE04EC0-301F-11D3-BF4B-00C04F79EFBC}") = "4.LanguageFeatures", "4.LanguageFeatures\4.LanguageFeatures.csproj", "{43C29D01-609F-48C0-9D38-EACB4B530350}"
EndProject
Global
	GlobalSection(SolutionConfigurationPlatforms) = preSolution
		Debug|Any CPU = Debug|Any CPU
		Release|Any CPU = Release|Any CPU
	EndGlobalSection
	GlobalSection(ProjectConfigurationPlatforms) = postSolution
		{43C29D01-609F-48C0-9D38-EACB4B530350}.Debug|Any CPU.ActiveCfg = Debug|Any CPU
		{43C29D01-609F-48C0-9D38-EACB4B530350}.Debug|Any CPU.Build.0 = Debug|Any CPU
		{43C29D01-609F-48C0-9D38-EACB4B530350}.Release|Any CPU.ActiveCfg = Release|Any CPU
		{43C29D01-609F-48C0-9D38-EACB4B530350}.Release|Any CPU.Build.0 = Release|Any CPU
	EndGlobalSection
	GlobalSection(SolutionProperties) = preSolution
		HideSolutionNode = FALSE
	EndGlobalSection
	GlobalSection(ExtensibilityGlobals) = postSolution
		SolutionGuid = {BF349B6E-9CF6-467D-9DE6-C71BCF1C6119}
	EndGlobalSection
EndGlobal
